
Microsoft Visual Studio Solution File, Format Version 12.00
Project("{FAE04EC0-301F-11D3-BF4B-00C04F79EFBC}") = "Git_praktika", "Git_praktika\Git_praktika.csproj", "{B65C5F82-6D30-4EDE-9232-110C8A9970B1}"
EndProject
Global
	GlobalSection(SolutionConfigurationPlatforms) = preSolution
		Debug|Any CPU = Debug|Any CPU
		Release|Any CPU = Release|Any CPU
	EndGlobalSection
	GlobalSection(ProjectConfigurationPlatforms) = postSolution
		{B65C5F82-6D30-4EDE-9232-110C8A9970B1}.Debug|Any CPU.ActiveCfg = Debug|Any CPU
		{B65C5F82-6D30-4EDE-9232-110C8A9970B1}.Debug|Any CPU.Build.0 = Debug|Any CPU
		{B65C5F82-6D30-4EDE-9232-110C8A9970B1}.Release|Any CPU.ActiveCfg = Release|Any CPU
		{B65C5F82-6D30-4EDE-9232-110C8A9970B1}.Release|Any CPU.Build.0 = Release|Any CPU
	EndGlobalSection
EndGlobal
